// !$*UTF8*$!
{
	archiveVersion = 1;
	classes = {
	};
	objectVersion = 56;
	objects = {

/* Begin PBXBuildFile section */
		970C87D02901AE8E0072DA99 /* HowToUse.swift in Sources */ = {isa = PBXBuildFile; fileRef = 970C87CF2901AE8E0072DA99 /* HowToUse.swift */; };
		974825F42942FBEB007C239E /* user_has_object.swift in Sources */ = {isa = PBXBuildFile; fileRef = 974825F32942FBEB007C239E /* user_has_object.swift */; };
		9787EB1E28F8A15800EFCFCA /* DevAppMobileApp.swift in Sources */ = {isa = PBXBuildFile; fileRef = 9787EB1D28F8A15800EFCFCA /* DevAppMobileApp.swift */; };
		9787EB2028F8A15800EFCFCA /* ContentView.swift in Sources */ = {isa = PBXBuildFile; fileRef = 9787EB1F28F8A15800EFCFCA /* ContentView.swift */; };
		9787EB2228F8A15900EFCFCA /* Assets.xcassets in Resources */ = {isa = PBXBuildFile; fileRef = 9787EB2128F8A15900EFCFCA /* Assets.xcassets */; };
		9787EB2528F8A15900EFCFCA /* Preview Assets.xcassets in Resources */ = {isa = PBXBuildFile; fileRef = 9787EB2428F8A15900EFCFCA /* Preview Assets.xcassets */; };
		979D3FAC290F371700C4E6D6 /* african.ttf in Resources */ = {isa = PBXBuildFile; fileRef = 979D3FAB290F371700C4E6D6 /* african.ttf */; };
		979D3FAE290F37D700C4E6D6 /* HARRYP__.TTF in Resources */ = {isa = PBXBuildFile; fileRef = 979D3FAD290F37D700C4E6D6 /* HARRYP__.TTF */; };
		979D3FB0290F453700C4E6D6 /* GoogleService-Info.plist in Resources */ = {isa = PBXBuildFile; fileRef = 979D3FAF290F453700C4E6D6 /* GoogleService-Info.plist */; };
		97A3D27E290328E40051F6B9 /* CardViewEntry.swift in Sources */ = {isa = PBXBuildFile; fileRef = 97A3D27D290328E40051F6B9 /* CardViewEntry.swift */; };
		97A3D289290341580051F6B9 /* bee normal.dae in Resources */ = {isa = PBXBuildFile; fileRef = 97A3D287290341580051F6B9 /* bee normal.dae */; };
		97A3D28A290341580051F6B9 /* bee2.png in Resources */ = {isa = PBXBuildFile; fileRef = 97A3D288290341580051F6B9 /* bee2.png */; };
		97A3D28C290341CA0051F6B9 /* bee normal.scn in Resources */ = {isa = PBXBuildFile; fileRef = 97A3D28B290341CA0051F6B9 /* bee normal.scn */; };
		97A8C14129193B3A00BB9385 /* User.swift in Sources */ = {isa = PBXBuildFile; fileRef = 97A8C14029193B3A00BB9385 /* User.swift */; };
		97A8C14329193DB100BB9385 /* object.swift in Sources */ = {isa = PBXBuildFile; fileRef = 97A8C14229193DB100BB9385 /* object.swift */; };
		97A8C1452919586500BB9385 /* Persistance.swift in Sources */ = {isa = PBXBuildFile; fileRef = 97A8C1442919586500BB9385 /* Persistance.swift */; };
		97B01D03295A74C900A9ECD6 /* vid1.mp4 in Resources */ = {isa = PBXBuildFile; fileRef = 97B01D02295A74C900A9ECD6 /* vid1.mp4 */; };
		97BCF06E290BD73A002FB509 /* Menu.swift in Sources */ = {isa = PBXBuildFile; fileRef = 97BCF06D290BD73A002FB509 /* Menu.swift */; };
		97BCF070290DD6FB002FB509 /* LoginScreen.swift in Sources */ = {isa = PBXBuildFile; fileRef = 97BCF06F290DD6FB002FB509 /* LoginScreen.swift */; };
		97BCF077290F2E2A002FB509 /* harry.ttf in Resources */ = {isa = PBXBuildFile; fileRef = 97BCF076290F2E2A002FB509 /* harry.ttf */; };
		97C0B09D2923267A00B9B8A6 /* MotionManager.swift in Sources */ = {isa = PBXBuildFile; fileRef = 97C0B09C2923267A00B9B8A6 /* MotionManager.swift */; };
		97E4E49F2946B9FD00F65C27 /* TestPage.swift in Sources */ = {isa = PBXBuildFile; fileRef = 97E4E49E2946B9FD00F65C27 /* TestPage.swift */; };
		97E7065B291E382200213EC9 /* Card_Fetch.swift in Sources */ = {isa = PBXBuildFile; fileRef = 97E7065A291E382200213EC9 /* Card_Fetch.swift */; };
		97E70660291EBCDC00213EC9 /* Card_Details.swift in Sources */ = {isa = PBXBuildFile; fileRef = 97E7065F291EBCDC00213EC9 /* Card_Details.swift */; };
		97FC2AC22910A98F00898E85 /* Sorts.swift in Sources */ = {isa = PBXBuildFile; fileRef = 97FC2AC12910A98F00898E85 /* Sorts.swift */; };
		97FC2AC42911C48800898E85 /* Notiifcation.swift in Sources */ = {isa = PBXBuildFile; fileRef = 97FC2AC32911C48800898E85 /* Notiifcation.swift */; };
/* End PBXBuildFile section */

/* Begin PBXFileReference section */
		970C87CF2901AE8E0072DA99 /* HowToUse.swift */ = {isa = PBXFileReference; lastKnownFileType = sourcecode.swift; path = HowToUse.swift; sourceTree = "<group>"; };
		974825F32942FBEB007C239E /* user_has_object.swift */ = {isa = PBXFileReference; lastKnownFileType = sourcecode.swift; path = user_has_object.swift; sourceTree = "<group>"; };
		9787EB1A28F8A15800EFCFCA /* DevAppMobile.app */ = {isa = PBXFileReference; explicitFileType = wrapper.application; includeInIndex = 0; path = DevAppMobile.app; sourceTree = BUILT_PRODUCTS_DIR; };
		9787EB1D28F8A15800EFCFCA /* DevAppMobileApp.swift */ = {isa = PBXFileReference; lastKnownFileType = sourcecode.swift; path = DevAppMobileApp.swift; sourceTree = "<group>"; };
		9787EB1F28F8A15800EFCFCA /* ContentView.swift */ = {isa = PBXFileReference; lastKnownFileType = sourcecode.swift; path = ContentView.swift; sourceTree = "<group>"; };
		9787EB2128F8A15900EFCFCA /* Assets.xcassets */ = {isa = PBXFileReference; lastKnownFileType = folder.assetcatalog; path = Assets.xcassets; sourceTree = "<group>"; };
		9787EB2428F8A15900EFCFCA /* Preview Assets.xcassets */ = {isa = PBXFileReference; lastKnownFileType = folder.assetcatalog; path = "Preview Assets.xcassets"; sourceTree = "<group>"; };
		979D3FAB290F371700C4E6D6 /* african.ttf */ = {isa = PBXFileReference; lastKnownFileType = file; path = african.ttf; sourceTree = "<group>"; };
		979D3FAD290F37D700C4E6D6 /* HARRYP__.TTF */ = {isa = PBXFileReference; lastKnownFileType = file; path = HARRYP__.TTF; sourceTree = "<group>"; };
		979D3FAF290F453700C4E6D6 /* GoogleService-Info.plist */ = {isa = PBXFileReference; fileEncoding = 4; lastKnownFileType = text.plist.xml; path = "GoogleService-Info.plist"; sourceTree = "<group>"; };
		97A3D27D290328E40051F6B9 /* CardViewEntry.swift */ = {isa = PBXFileReference; lastKnownFileType = sourcecode.swift; path = CardViewEntry.swift; sourceTree = "<group>"; };
		97A3D287290341580051F6B9 /* bee normal.dae */ = {isa = PBXFileReference; lastKnownFileType = text.xml.dae; name = "bee normal.dae"; path = "DevAppMobile/bee normal.dae"; sourceTree = "<group>"; };
		97A3D288290341580051F6B9 /* bee2.png */ = {isa = PBXFileReference; lastKnownFileType = image.png; name = bee2.png; path = DevAppMobile/bee2.png; sourceTree = "<group>"; };
		97A3D28B290341CA0051F6B9 /* bee normal.scn */ = {isa = PBXFileReference; lastKnownFileType = file.bplist; path = "bee normal.scn"; sourceTree = "<group>"; };
		97A8C14029193B3A00BB9385 /* User.swift */ = {isa = PBXFileReference; lastKnownFileType = sourcecode.swift; path = User.swift; sourceTree = "<group>"; };
		97A8C14229193DB100BB9385 /* object.swift */ = {isa = PBXFileReference; lastKnownFileType = sourcecode.swift; path = object.swift; sourceTree = "<group>"; };
		97A8C1442919586500BB9385 /* Persistance.swift */ = {isa = PBXFileReference; lastKnownFileType = sourcecode.swift; path = Persistance.swift; sourceTree = "<group>"; };
		97B01D02295A74C900A9ECD6 /* vid1.mp4 */ = {isa = PBXFileReference; lastKnownFileType = file; path = vid1.mp4; sourceTree = "<group>"; };
		97BCF06D290BD73A002FB509 /* Menu.swift */ = {isa = PBXFileReference; lastKnownFileType = sourcecode.swift; path = Menu.swift; sourceTree = "<group>"; };
		97BCF06F290DD6FB002FB509 /* LoginScreen.swift */ = {isa = PBXFileReference; lastKnownFileType = sourcecode.swift; path = LoginScreen.swift; sourceTree = "<group>"; };
		97BCF076290F2E2A002FB509 /* harry.ttf */ = {isa = PBXFileReference; lastKnownFileType = file; path = harry.ttf; sourceTree = "<group>"; };
		97BCF078290F309C002FB509 /* Info.plist */ = {isa = PBXFileReference; lastKnownFileType = text.plist; path = Info.plist; sourceTree = "<group>"; };
		97C0B09C2923267A00B9B8A6 /* MotionManager.swift */ = {isa = PBXFileReference; lastKnownFileType = sourcecode.swift; path = MotionManager.swift; sourceTree = "<group>"; };
		97E4E49E2946B9FD00F65C27 /* TestPage.swift */ = {isa = PBXFileReference; lastKnownFileType = sourcecode.swift; path = TestPage.swift; sourceTree = "<group>"; };
		97E7065A291E382200213EC9 /* Card_Fetch.swift */ = {isa = PBXFileReference; lastKnownFileType = sourcecode.swift; path = Card_Fetch.swift; sourceTree = "<group>"; };
		97E7065F291EBCDC00213EC9 /* Card_Details.swift */ = {isa = PBXFileReference; lastKnownFileType = sourcecode.swift; path = Card_Details.swift; sourceTree = "<group>"; };
		97FC2AC12910A98F00898E85 /* Sorts.swift */ = {isa = PBXFileReference; lastKnownFileType = sourcecode.swift; path = Sorts.swift; sourceTree = "<group>"; };
		97FC2AC32911C48800898E85 /* Notiifcation.swift */ = {isa = PBXFileReference; lastKnownFileType = sourcecode.swift; path = Notiifcation.swift; sourceTree = "<group>"; };
/* End PBXFileReference section */

/* Begin PBXFrameworksBuildPhase section */
		9787EB1728F8A15800EFCFCA /* Frameworks */ = {
			isa = PBXFrameworksBuildPhase;
			buildActionMask = 2147483647;
			files = (
			);
			runOnlyForDeploymentPostprocessing = 0;
		};
/* End PBXFrameworksBuildPhase section */

/* Begin PBXGroup section */
		970C87CE2901AE260072DA99 /* Vues */ = {
			isa = PBXGroup;
			children = (
				97A3D28B290341CA0051F6B9 /* bee normal.scn */,
				970C87CF2901AE8E0072DA99 /* HowToUse.swift */,
				97A3D27D290328E40051F6B9 /* CardViewEntry.swift */,
				97BCF06D290BD73A002FB509 /* Menu.swift */,
				97BCF06F290DD6FB002FB509 /* LoginScreen.swift */,
				97FC2AC12910A98F00898E85 /* Sorts.swift */,
				97FC2AC32911C48800898E85 /* Notiifcation.swift */,
				97E7065F291EBCDC00213EC9 /* Card_Details.swift */,
			);
			name = Vues;
			sourceTree = "<group>";
		};
		9787EB1128F8A15800EFCFCA = {
			isa = PBXGroup;
			children = (
				97B01D02295A74C900A9ECD6 /* vid1.mp4 */,
				97A3D287290341580051F6B9 /* bee normal.dae */,
				97A3D288290341580051F6B9 /* bee2.png */,
				9787EB1C28F8A15800EFCFCA /* DevAppMobile */,
				9787EB1B28F8A15800EFCFCA /* Products */,
			);
			sourceTree = "<group>";
		};
		9787EB1B28F8A15800EFCFCA /* Products */ = {
			isa = PBXGroup;
			children = (
				9787EB1A28F8A15800EFCFCA /* DevAppMobile.app */,
			);
			name = Products;
			sourceTree = "<group>";
		};
		9787EB1C28F8A15800EFCFCA /* DevAppMobile */ = {
			isa = PBXGroup;
			children = (
				97E7065C291E388700213EC9 /* Ressources */,
				97A8C13F29193ADD00BB9385 /* Models */,
				979D3FAF290F453700C4E6D6 /* GoogleService-Info.plist */,
				97BCF075290F2DFD002FB509 /* fonts */,
				97BCF078290F309C002FB509 /* Info.plist */,
				970C87CE2901AE260072DA99 /* Vues */,
				9787EB1D28F8A15800EFCFCA /* DevAppMobileApp.swift */,
				9787EB1F28F8A15800EFCFCA /* ContentView.swift */,
				9787EB2128F8A15900EFCFCA /* Assets.xcassets */,
				9787EB2328F8A15900EFCFCA /* Preview Content */,
			);
			path = DevAppMobile;
			sourceTree = "<group>";
		};
		9787EB2328F8A15900EFCFCA /* Preview Content */ = {
			isa = PBXGroup;
			children = (
				9787EB2428F8A15900EFCFCA /* Preview Assets.xcassets */,
			);
			path = "Preview Content";
			sourceTree = "<group>";
		};
		97A8C13F29193ADD00BB9385 /* Models */ = {
			isa = PBXGroup;
			children = (
				97A8C14029193B3A00BB9385 /* User.swift */,
				97A8C14229193DB100BB9385 /* object.swift */,
				97A8C1442919586500BB9385 /* Persistance.swift */,
				97E7065A291E382200213EC9 /* Card_Fetch.swift */,
				97C0B09C2923267A00B9B8A6 /* MotionManager.swift */,
				974825F32942FBEB007C239E /* user_has_object.swift */,
				97E4E49E2946B9FD00F65C27 /* TestPage.swift */,
			);
			name = Models;
			sourceTree = "<group>";
		};
		97BCF075290F2DFD002FB509 /* fonts */ = {
			isa = PBXGroup;
			children = (
				979D3FAD290F37D700C4E6D6 /* HARRYP__.TTF */,
				979D3FAB290F371700C4E6D6 /* african.ttf */,
				97BCF076290F2E2A002FB509 /* harry.ttf */,
			);
			path = fonts;
			sourceTree = "<group>";
		};
		97E7065C291E388700213EC9 /* Ressources */ = {
			isa = PBXGroup;
			children = (
			);
			name = Ressources;
			sourceTree = "<group>";
		};
/* End PBXGroup section */

/* Begin PBXNativeTarget section */
		9787EB1928F8A15800EFCFCA /* DevAppMobile */ = {
			isa = PBXNativeTarget;
			buildConfigurationList = 9787EB2828F8A15900EFCFCA /* Build configuration list for PBXNativeTarget "DevAppMobile" */;
			buildPhases = (
				9787EB1628F8A15800EFCFCA /* Sources */,
				9787EB1728F8A15800EFCFCA /* Frameworks */,
				9787EB1828F8A15800EFCFCA /* Resources */,
			);
			buildRules = (
			);
			dependencies = (
			);
			name = DevAppMobile;
			packageProductDependencies = (
			);
			productName = DevAppMobile;
			productReference = 9787EB1A28F8A15800EFCFCA /* DevAppMobile.app */;
			productType = "com.apple.product-type.application";
		};
/* End PBXNativeTarget section */

/* Begin PBXProject section */
		9787EB1228F8A15800EFCFCA /* Project object */ = {
			isa = PBXProject;
			attributes = {
				BuildIndependentTargetsInParallel = 1;
				LastSwiftUpdateCheck = 1400;
				LastUpgradeCheck = 1400;
				TargetAttributes = {
					9787EB1928F8A15800EFCFCA = {
						CreatedOnToolsVersion = 14.0;
					};
				};
			};
			buildConfigurationList = 9787EB1528F8A15800EFCFCA /* Build configuration list for PBXProject "DevAppMobile" */;
			compatibilityVersion = "Xcode 14.0";
			developmentRegion = en;
			hasScannedForEncodings = 0;
			knownRegions = (
				en,
				Base,
			);
			mainGroup = 9787EB1128F8A15800EFCFCA;
			packageReferences = (
				979D3FB1290F46FD00C4E6D6 /* XCRemoteSwiftPackageReference "firebase-ios-sdk" */,
			);
			productRefGroup = 9787EB1B28F8A15800EFCFCA /* Products */;
			projectDirPath = "";
			projectRoot = "";
			targets = (
				9787EB1928F8A15800EFCFCA /* DevAppMobile */,
			);
		};
/* End PBXProject section */

/* Begin PBXResourcesBuildPhase section */
		9787EB1828F8A15800EFCFCA /* Resources */ = {
			isa = PBXResourcesBuildPhase;
			buildActionMask = 2147483647;
			files = (
				97A3D289290341580051F6B9 /* bee normal.dae in Resources */,
				97A3D28A290341580051F6B9 /* bee2.png in Resources */,
				9787EB2528F8A15900EFCFCA /* Preview Assets.xcassets in Resources */,
				97BCF077290F2E2A002FB509 /* harry.ttf in Resources */,
				9787EB2228F8A15900EFCFCA /* Assets.xcassets in Resources */,
				97A3D28C290341CA0051F6B9 /* bee normal.scn in Resources */,
				97B01D03295A74C900A9ECD6 /* vid1.mp4 in Resources */,
				979D3FAE290F37D700C4E6D6 /* HARRYP__.TTF in Resources */,
				979D3FB0290F453700C4E6D6 /* GoogleService-Info.plist in Resources */,
				979D3FAC290F371700C4E6D6 /* african.ttf in Resources */,
			);
			runOnlyForDeploymentPostprocessing = 0;
		};
/* End PBXResourcesBuildPhase section */

/* Begin PBXSourcesBuildPhase section */
		9787EB1628F8A15800EFCFCA /* Sources */ = {
			isa = PBXSourcesBuildPhase;
			buildActionMask = 2147483647;
			files = (
				974825F42942FBEB007C239E /* user_has_object.swift in Sources */,
				9787EB2028F8A15800EFCFCA /* ContentView.swift in Sources */,
				97C0B09D2923267A00B9B8A6 /* MotionManager.swift in Sources */,
				97A8C14129193B3A00BB9385 /* User.swift in Sources */,
				97A3D27E290328E40051F6B9 /* CardViewEntry.swift in Sources */,
				970C87D02901AE8E0072DA99 /* HowToUse.swift in Sources */,
				9787EB1E28F8A15800EFCFCA /* DevAppMobileApp.swift in Sources */,
				97E4E49F2946B9FD00F65C27 /* TestPage.swift in Sources */,
				97A8C1452919586500BB9385 /* Persistance.swift in Sources */,
				97E7065B291E382200213EC9 /* Card_Fetch.swift in Sources */,
				97E70660291EBCDC00213EC9 /* Card_Details.swift in Sources */,
				97FC2AC42911C48800898E85 /* Notiifcation.swift in Sources */,
				97FC2AC22910A98F00898E85 /* Sorts.swift in Sources */,
				97A8C14329193DB100BB9385 /* object.swift in Sources */,
				97BCF06E290BD73A002FB509 /* Menu.swift in Sources */,
				97BCF070290DD6FB002FB509 /* LoginScreen.swift in Sources */,
			);
			runOnlyForDeploymentPostprocessing = 0;
		};
/* End PBXSourcesBuildPhase section */

/* Begin XCBuildConfiguration section */
		9787EB2628F8A15900EFCFCA /* Debug */ = {
			isa = XCBuildConfiguration;
			buildSettings = {
				ALWAYS_SEARCH_USER_PATHS = NO;
				CLANG_ANALYZER_NONNULL = YES;
				CLANG_ANALYZER_NUMBER_OBJECT_CONVERSION = YES_AGGRESSIVE;
				CLANG_CXX_LANGUAGE_STANDARD = "gnu++20";
				CLANG_ENABLE_MODULES = YES;
				CLANG_ENABLE_OBJC_ARC = YES;
				CLANG_ENABLE_OBJC_WEAK = YES;
				CLANG_WARN_BLOCK_CAPTURE_AUTORELEASING = YES;
				CLANG_WARN_BOOL_CONVERSION = YES;
				CLANG_WARN_COMMA = YES;
				CLANG_WARN_CONSTANT_CONVERSION = YES;
				CLANG_WARN_DEPRECATED_OBJC_IMPLEMENTATIONS = YES;
				CLANG_WARN_DIRECT_OBJC_ISA_USAGE = YES_ERROR;
				CLANG_WARN_DOCUMENTATION_COMMENTS = YES;
				CLANG_WARN_EMPTY_BODY = YES;
				CLANG_WARN_ENUM_CONVERSION = YES;
				CLANG_WARN_INFINITE_RECURSION = YES;
				CLANG_WARN_INT_CONVERSION = YES;
				CLANG_WARN_NON_LITERAL_NULL_CONVERSION = YES;
				CLANG_WARN_OBJC_IMPLICIT_RETAIN_SELF = YES;
				CLANG_WARN_OBJC_LITERAL_CONVERSION = YES;
				CLANG_WARN_OBJC_ROOT_CLASS = YES_ERROR;
				CLANG_WARN_QUOTED_INCLUDE_IN_FRAMEWORK_HEADER = YES;
				CLANG_WARN_RANGE_LOOP_ANALYSIS = YES;
				CLANG_WARN_STRICT_PROTOTYPES = YES;
				CLANG_WARN_SUSPICIOUS_MOVE = YES;
				CLANG_WARN_UNGUARDED_AVAILABILITY = YES_AGGRESSIVE;
				CLANG_WARN_UNREACHABLE_CODE = YES;
				CLANG_WARN__DUPLICATE_METHOD_MATCH = YES;
				COPY_PHASE_STRIP = NO;
				DEBUG_INFORMATION_FORMAT = dwarf;
				ENABLE_STRICT_OBJC_MSGSEND = YES;
				ENABLE_TESTABILITY = YES;
				GCC_C_LANGUAGE_STANDARD = gnu11;
				GCC_DYNAMIC_NO_PIC = NO;
				GCC_NO_COMMON_BLOCKS = YES;
				GCC_OPTIMIZATION_LEVEL = 0;
				GCC_PREPROCESSOR_DEFINITIONS = (
					"DEBUG=1",
					"$(inherited)",
				);
				GCC_WARN_64_TO_32_BIT_CONVERSION = YES;
				GCC_WARN_ABOUT_RETURN_TYPE = YES_ERROR;
				GCC_WARN_UNDECLARED_SELECTOR = YES;
				GCC_WARN_UNINITIALIZED_AUTOS = YES_AGGRESSIVE;
				GCC_WARN_UNUSED_FUNCTION = YES;
				GCC_WARN_UNUSED_VARIABLE = YES;
				IPHONEOS_DEPLOYMENT_TARGET = 16.1;
				MTL_ENABLE_DEBUG_INFO = INCLUDE_SOURCE;
				MTL_FAST_MATH = YES;
				ONLY_ACTIVE_ARCH = YES;
				SDKROOT = iphoneos;
				SWIFT_ACTIVE_COMPILATION_CONDITIONS = DEBUG;
				SWIFT_OPTIMIZATION_LEVEL = "-Onone";
			};
			name = Debug;
		};
		9787EB2728F8A15900EFCFCA /* Release */ = {
			isa = XCBuildConfiguration;
			buildSettings = {
				ALWAYS_SEARCH_USER_PATHS = NO;
				CLANG_ANALYZER_NONNULL = YES;
				CLANG_ANALYZER_NUMBER_OBJECT_CONVERSION = YES_AGGRESSIVE;
				CLANG_CXX_LANGUAGE_STANDARD = "gnu++20";
				CLANG_ENABLE_MODULES = YES;
				CLANG_ENABLE_OBJC_ARC = YES;
				CLANG_ENABLE_OBJC_WEAK = YES;
				CLANG_WARN_BLOCK_CAPTURE_AUTORELEASING = YES;
				CLANG_WARN_BOOL_CONVERSION = YES;
				CLANG_WARN_COMMA = YES;
				CLANG_WARN_CONSTANT_CONVERSION = YES;
				CLANG_WARN_DEPRECATED_OBJC_IMPLEMENTATIONS = YES;
				CLANG_WARN_DIRECT_OBJC_ISA_USAGE = YES_ERROR;
				CLANG_WARN_DOCUMENTATION_COMMENTS = YES;
				CLANG_WARN_EMPTY_BODY = YES;
				CLANG_WARN_ENUM_CONVERSION = YES;
				CLANG_WARN_INFINITE_RECURSION = YES;
				CLANG_WARN_INT_CONVERSION = YES;
				CLANG_WARN_NON_LITERAL_NULL_CONVERSION = YES;
				CLANG_WARN_OBJC_IMPLICIT_RETAIN_SELF = YES;
				CLANG_WARN_OBJC_LITERAL_CONVERSION = YES;
				CLANG_WARN_OBJC_ROOT_CLASS = YES_ERROR;
				CLANG_WARN_QUOTED_INCLUDE_IN_FRAMEWORK_HEADER = YES;
				CLANG_WARN_RANGE_LOOP_ANALYSIS = YES;
				CLANG_WARN_STRICT_PROTOTYPES = YES;
				CLANG_WARN_SUSPICIOUS_MOVE = YES;
				CLANG_WARN_UNGUARDED_AVAILABILITY = YES_AGGRESSIVE;
				CLANG_WARN_UNREACHABLE_CODE = YES;
				CLANG_WARN__DUPLICATE_METHOD_MATCH = YES;
				COPY_PHASE_STRIP = NO;
				DEBUG_INFORMATION_FORMAT = "dwarf-with-dsym";
				ENABLE_NS_ASSERTIONS = NO;
				ENABLE_STRICT_OBJC_MSGSEND = YES;
				GCC_C_LANGUAGE_STANDARD = gnu11;
				GCC_NO_COMMON_BLOCKS = YES;
				GCC_WARN_64_TO_32_BIT_CONVERSION = YES;
				GCC_WARN_ABOUT_RETURN_TYPE = YES_ERROR;
				GCC_WARN_UNDECLARED_SELECTOR = YES;
				GCC_WARN_UNINITIALIZED_AUTOS = YES_AGGRESSIVE;
				GCC_WARN_UNUSED_FUNCTION = YES;
				GCC_WARN_UNUSED_VARIABLE = YES;
				IPHONEOS_DEPLOYMENT_TARGET = 16.1;
				MTL_ENABLE_DEBUG_INFO = NO;
				MTL_FAST_MATH = YES;
				SDKROOT = iphoneos;
				SWIFT_COMPILATION_MODE = wholemodule;
				SWIFT_OPTIMIZATION_LEVEL = "-O";
				VALIDATE_PRODUCT = YES;
			};
			name = Release;
		};
		9787EB2928F8A15900EFCFCA /* Debug */ = {
			isa = XCBuildConfiguration;
			buildSettings = {
				ASSETCATALOG_COMPILER_APPICON_NAME = AppIcon;
				ASSETCATALOG_COMPILER_GLOBAL_ACCENT_COLOR_NAME = AccentColor;
				CODE_SIGN_STYLE = Automatic;
				CURRENT_PROJECT_VERSION = 1;
				DEVELOPMENT_ASSET_PATHS = "\"DevAppMobile/Preview Content\"";
				DEVELOPMENT_TEAM = CK3KJ77BKS;
				ENABLE_PREVIEWS = YES;
				GENERATE_INFOPLIST_FILE = YES;
				INFOPLIST_FILE = DevAppMobile/Info.plist;
				INFOPLIST_KEY_CFBundleDisplayName = Grimoire;
				INFOPLIST_KEY_LSApplicationCategoryType = "public.app-category.developer-tools";
				INFOPLIST_KEY_UIApplicationSceneManifest_Generation = YES;
				INFOPLIST_KEY_UIApplicationSupportsIndirectInputEvents = YES;
				INFOPLIST_KEY_UILaunchScreen_Generation = YES;
				INFOPLIST_KEY_UISupportedInterfaceOrientations_iPad = "UIInterfaceOrientationPortrait UIInterfaceOrientationPortraitUpsideDown UIInterfaceOrientationLandscapeLeft UIInterfaceOrientationLandscapeRight";
				INFOPLIST_KEY_UISupportedInterfaceOrientations_iPhone = "UIInterfaceOrientationPortrait UIInterfaceOrientationLandscapeLeft UIInterfaceOrientationLandscapeRight";
				LD_RUNPATH_SEARCH_PATHS = (
					"$(inherited)",
					"@executable_path/Frameworks",
				);
				MARKETING_VERSION = 1.0;
				PRODUCT_BUNDLE_IDENTIFIER = JHA.DevAppMobile;
				PRODUCT_NAME = "$(TARGET_NAME)";
				SWIFT_EMIT_LOC_STRINGS = YES;
				SWIFT_VERSION = 5.0;
				TARGETED_DEVICE_FAMILY = "1,2";
			};
			name = Debug;
		};
		9787EB2A28F8A15900EFCFCA /* Release */ = {
			isa = XCBuildConfiguration;
			buildSettings = {
				ASSETCATALOG_COMPILER_APPICON_NAME = AppIcon;
				ASSETCATALOG_COMPILER_GLOBAL_ACCENT_COLOR_NAME = AccentColor;
				CODE_SIGN_STYLE = Automatic;
				CURRENT_PROJECT_VERSION = 1;
				DEVELOPMENT_ASSET_PATHS = "\"DevAppMobile/Preview Content\"";
				DEVELOPMENT_TEAM = CK3KJ77BKS;
				ENABLE_PREVIEWS = YES;
				GENERATE_INFOPLIST_FILE = YES;
				INFOPLIST_FILE = DevAppMobile/Info.plist;
				INFOPLIST_KEY_CFBundleDisplayName = Grimoire;
				INFOPLIST_KEY_LSApplicationCategoryType = "public.app-category.developer-tools";
				INFOPLIST_KEY_UIApplicationSceneManifest_Generation = YES;
				INFOPLIST_KEY_UIApplicationSupportsIndirectInputEvents = YES;
				INFOPLIST_KEY_UILaunchScreen_Generation = YES;
				INFOPLIST_KEY_UISupportedInterfaceOrientations_iPad = "UIInterfaceOrientationPortrait UIInterfaceOrientationPortraitUpsideDown UIInterfaceOrientationLandscapeLeft UIInterfaceOrientationLandscapeRight";
				INFOPLIST_KEY_UISupportedInterfaceOrientations_iPhone = "UIInterfaceOrientationPortrait UIInterfaceOrientationLandscapeLeft UIInterfaceOrientationLandscapeRight";
				LD_RUNPATH_SEARCH_PATHS = (
					"$(inherited)",
					"@executable_path/Frameworks",
				);
				MARKETING_VERSION = 1.0;
				PRODUCT_BUNDLE_IDENTIFIER = JHA.DevAppMobile;
				PRODUCT_NAME = "$(TARGET_NAME)";
				SWIFT_EMIT_LOC_STRINGS = YES;
				SWIFT_VERSION = 5.0;
				TARGETED_DEVICE_FAMILY = "1,2";
			};
			name = Release;
		};
/* End XCBuildConfiguration section */

/* Begin XCConfigurationList section */
		9787EB1528F8A15800EFCFCA /* Build configuration list for PBXProject "DevAppMobile" */ = {
			isa = XCConfigurationList;
			buildConfigurations = (
				9787EB2628F8A15900EFCFCA /* Debug */,
				9787EB2728F8A15900EFCFCA /* Release */,
			);
			defaultConfigurationIsVisible = 0;
			defaultConfigurationName = Release;
		};
		9787EB2828F8A15900EFCFCA /* Build configuration list for PBXNativeTarget "DevAppMobile" */ = {
			isa = XCConfigurationList;
			buildConfigurations = (
				9787EB2928F8A15900EFCFCA /* Debug */,
				9787EB2A28F8A15900EFCFCA /* Release */,
			);
			defaultConfigurationIsVisible = 0;
			defaultConfigurationName = Release;
		};
/* End XCConfigurationList section */

/* Begin XCRemoteSwiftPackageReference section */
		979D3FB1290F46FD00C4E6D6 /* XCRemoteSwiftPackageReference "firebase-ios-sdk" */ = {
			isa = XCRemoteSwiftPackageReference;
			repositoryURL = "https://github.com/firebase/firebase-ios-sdk";
			requirement = {
				branch = master;
				kind = branch;
			};
		};
/* End XCRemoteSwiftPackageReference section */
	};
	rootObject = 9787EB1228F8A15800EFCFCA /* Project object */;
}
